
Microsoft Visual Studio Solution File, Format Version 12.00
# Visual Studio Version 17
VisualStudioVersion = 17.0.31717.71
MinimumVisualStudioVersion = 10.0.40219.1
Project("{9A19103F-16F7-4668-BE54-9A1E7A4F7556}") = "SmBlazor", "SmBlazor\SmBlazor.csproj", "{08380A14-8E1E-44C6-AA0E-D4DB9B464BCC}"
EndProject
Project("{9A19103F-16F7-4668-BE54-9A1E7A4F7556}") = "DemoBackend", "DemoBackend\DemoBackend.csproj", "{19FF3702-659C-4058-8CCB-9D12671666C2}"
EndProject
Project("{9A19103F-16F7-4668-BE54-9A1E7A4F7556}") = "SmQueryOptions", "SmQueryOptions\SmQueryOptions.csproj", "{A15BF5D7-20AE-428F-B5A3-330EB16C9835}"
EndProject
Project("{9A19103F-16F7-4668-BE54-9A1E7A4F7556}") = "DemoFrontendBlazorWasm", "DemoFrontendBlazorWasm\DemoFrontendBlazorWasm.csproj", "{7FBC9870-4417-4326-AA51-1D46EA210445}"
EndProject
Project("{9A19103F-16F7-4668-BE54-9A1E7A4F7556}") = "DemoModels", "DemoModels\DemoModels.csproj", "{3D12FA44-E7E8-4D8C-A74D-2FA72CC0B429}"
EndProject
Project("{9A19103F-16F7-4668-BE54-9A1E7A4F7556}") = "DemoFrontendBlazorServer", "DemoFrontendBlazorServer\DemoFrontendBlazorServer.csproj", "{E4E6B44A-4E3B-434F-A76C-4ED2FCAA34D0}"
EndProject
Project("{FAE04EC0-301F-11D3-BF4B-00C04F79EFBC}") = "DemoBackendMongo", "DemoBackendMongo\DemoBackendMongo.csproj", "{A57CBBDE-8CDB-43FF-9316-55C3E7C4172A}"
EndProject
Global
	GlobalSection(SolutionConfigurationPlatforms) = preSolution
		Debug|Any CPU = Debug|Any CPU
		Release|Any CPU = Release|Any CPU
	EndGlobalSection
	GlobalSection(ProjectConfigurationPlatforms) = postSolution
		{08380A14-8E1E-44C6-AA0E-D4DB9B464BCC}.Debug|Any CPU.ActiveCfg = Debug|Any CPU
		{08380A14-8E1E-44C6-AA0E-D4DB9B464BCC}.Debug|Any CPU.Build.0 = Debug|Any CPU
		{08380A14-8E1E-44C6-AA0E-D4DB9B464BCC}.Release|Any CPU.ActiveCfg = Release|Any CPU
		{08380A14-8E1E-44C6-AA0E-D4DB9B464BCC}.Release|Any CPU.Build.0 = Release|Any CPU
		{19FF3702-659C-4058-8CCB-9D12671666C2}.Debug|Any CPU.ActiveCfg = Debug|Any CPU
		{19FF3702-659C-4058-8CCB-9D12671666C2}.Debug|Any CPU.Build.0 = Debug|Any CPU
		{19FF3702-659C-4058-8CCB-9D12671666C2}.Release|Any CPU.ActiveCfg = Release|Any CPU
		{19FF3702-659C-4058-8CCB-9D12671666C2}.Release|Any CPU.Build.0 = Release|Any CPU
		{A15BF5D7-20AE-428F-B5A3-330EB16C9835}.Debug|Any CPU.ActiveCfg = Debug|Any CPU
		{A15BF5D7-20AE-428F-B5A3-330EB16C9835}.Debug|Any CPU.Build.0 = Debug|Any CPU
		{A15BF5D7-20AE-428F-B5A3-330EB16C9835}.Release|Any CPU.ActiveCfg = Release|Any CPU
		{A15BF5D7-20AE-428F-B5A3-330EB16C9835}.Release|Any CPU.Build.0 = Release|Any CPU
		{7FBC9870-4417-4326-AA51-1D46EA210445}.Debug|Any CPU.ActiveCfg = Debug|Any CPU
		{7FBC9870-4417-4326-AA51-1D46EA210445}.Debug|Any CPU.Build.0 = Debug|Any CPU
		{7FBC9870-4417-4326-AA51-1D46EA210445}.Release|Any CPU.ActiveCfg = Release|Any CPU
		{7FBC9870-4417-4326-AA51-1D46EA210445}.Release|Any CPU.Build.0 = Release|Any CPU
		{3D12FA44-E7E8-4D8C-A74D-2FA72CC0B429}.Debug|Any CPU.ActiveCfg = Debug|Any CPU
		{3D12FA44-E7E8-4D8C-A74D-2FA72CC0B429}.Debug|Any CPU.Build.0 = Debug|Any CPU
		{3D12FA44-E7E8-4D8C-A74D-2FA72CC0B429}.Release|Any CPU.ActiveCfg = Release|Any CPU
		{3D12FA44-E7E8-4D8C-A74D-2FA72CC0B429}.Release|Any CPU.Build.0 = Release|Any CPU
		{E4E6B44A-4E3B-434F-A76C-4ED2FCAA34D0}.Debug|Any CPU.ActiveCfg = Debug|Any CPU
		{E4E6B44A-4E3B-434F-A76C-4ED2FCAA34D0}.Debug|Any CPU.Build.0 = Debug|Any CPU
		{E4E6B44A-4E3B-434F-A76C-4ED2FCAA34D0}.Release|Any CPU.ActiveCfg = Release|Any CPU
		{E4E6B44A-4E3B-434F-A76C-4ED2FCAA34D0}.Release|Any CPU.Build.0 = Release|Any CPU
		{A57CBBDE-8CDB-43FF-9316-55C3E7C4172A}.Debug|Any CPU.ActiveCfg = Debug|Any CPU
		{A57CBBDE-8CDB-43FF-9316-55C3E7C4172A}.Debug|Any CPU.Build.0 = Debug|Any CPU
		{A57CBBDE-8CDB-43FF-9316-55C3E7C4172A}.Release|Any CPU.ActiveCfg = Release|Any CPU
		{A57CBBDE-8CDB-43FF-9316-55C3E7C4172A}.Release|Any CPU.Build.0 = Release|Any CPU
	EndGlobalSection
	GlobalSection(SolutionProperties) = preSolution
		HideSolutionNode = FALSE
	EndGlobalSection
	GlobalSection(ExtensibilityGlobals) = postSolution
		SolutionGuid = {5C5E970A-29F0-44A4-9DEF-8944FE8374F5}
	EndGlobalSection
EndGlobal
